
Microsoft Visual Studio Solution File, Format Version 11.00
# Visual Studio 2010
Project("{FAE04EC0-301F-11D3-BF4B-00C04F79EFBC}") = "boundary", "boundary\boundary.csproj", "{A773A7D3-EBE2-4A74-AD58-B841A50A07C1}"
EndProject
Project("{FAE04EC0-301F-11D3-BF4B-00C04F79EFBC}") = "boundry", "boundry\boundry.csproj", "{320A21A9-3DB0-4329-AE41-EFAD4094B9AF}"
EndProject
Project("{FAE04EC0-301F-11D3-BF4B-00C04F79EFBC}") = "WindowsFor", "WindowsFor\WindowsFor.csproj", "{C43F18B5-01F2-4279-8440-8F7C9A94431A}"
EndProject
Project("{FAE04EC0-301F-11D3-BF4B-00C04F79EFBC}") = "MultiDocument", "MultiDocument\MultiDocument.csproj", "{8328BA95-F1BF-4651-89F9-2BD2563D78A8}"
EndProject
Project("{FAE04EC0-301F-11D3-BF4B-00C04F79EFBC}") = "DateSource", "DateSource\DateSource.csproj", "{E34DB43B-BDD9-40B7-B937-78476D0C0DDF}"
EndProject
Project("{FAE04EC0-301F-11D3-BF4B-00C04F79EFBC}") = "DateSourceOne", "DateSourceOne\DateSourceOne.csproj", "{ED5BB456-5155-4C5B-B0C7-EA59482F2632}"
EndProject
Project("{FAE04EC0-301F-11D3-BF4B-00C04F79EFBC}") = "dataTable_GridView", "WindowsF\dataTable_GridView.csproj", "{EAEA540D-33C0-43F8-96D3-3A31D8BAD34D}"
EndProject
Project("{FAE04EC0-301F-11D3-BF4B-00C04F79EFBC}") = "Test", "Test\Test.csproj", "{0C166675-3A96-4EC0-A16F-58D9E3D00B08}"
EndProject
Project("{FAE04EC0-301F-11D3-BF4B-00C04F79EFBC}") = "TestAdd", "TestAdd\TestAdd.csproj", "{D2CC99E6-8EAE-4BA0-B854-82E81F4E0999}"
EndProject
Project("{2150E333-8FDC-42A3-9474-1A3956D46DE8}") = "Solution Items", "Solution Items", "{629EC583-0D5C-4F7A-AA9C-530CB509E27B}"
	ProjectSection(SolutionItems) = preProject
		Form.vsmdi = Form.vsmdi
		Local.testsettings = Local.testsettings
		TraceAndTestImpact.testsettings = TraceAndTestImpact.testsettings
	EndProjectSection
EndProject
Global
	GlobalSection(TestCaseManagementSettings) = postSolution
		CategoryFile = Form.vsmdi
	EndGlobalSection
	GlobalSection(SolutionConfigurationPlatforms) = preSolution
		Debug|Any CPU = Debug|Any CPU
		Debug|Mixed Platforms = Debug|Mixed Platforms
		Debug|x86 = Debug|x86
		Release|Any CPU = Release|Any CPU
		Release|Mixed Platforms = Release|Mixed Platforms
		Release|x86 = Release|x86
	EndGlobalSection
	GlobalSection(ProjectConfigurationPlatforms) = postSolution
		{A773A7D3-EBE2-4A74-AD58-B841A50A07C1}.Debug|Any CPU.ActiveCfg = Debug|x86
		{A773A7D3-EBE2-4A74-AD58-B841A50A07C1}.Debug|Mixed Platforms.ActiveCfg = Debug|x86
		{A773A7D3-EBE2-4A74-AD58-B841A50A07C1}.Debug|x86.ActiveCfg = Debug|x86
		{A773A7D3-EBE2-4A74-AD58-B841A50A07C1}.Debug|x86.Build.0 = Debug|x86
		{A773A7D3-EBE2-4A74-AD58-B841A50A07C1}.Release|Any CPU.ActiveCfg = Release|x86
		{A773A7D3-EBE2-4A74-AD58-B841A50A07C1}.Release|Mixed Platforms.ActiveCfg = Release|x86
		{A773A7D3-EBE2-4A74-AD58-B841A50A07C1}.Release|x86.ActiveCfg = Release|x86
		{A773A7D3-EBE2-4A74-AD58-B841A50A07C1}.Release|x86.Build.0 = Release|x86
		{320A21A9-3DB0-4329-AE41-EFAD4094B9AF}.Debug|Any CPU.ActiveCfg = Debug|x86
		{320A21A9-3DB0-4329-AE41-EFAD4094B9AF}.Debug|Mixed Platforms.ActiveCfg = Debug|x86
		{320A21A9-3DB0-4329-AE41-EFAD4094B9AF}.Debug|x86.ActiveCfg = Debug|x86
		{320A21A9-3DB0-4329-AE41-EFAD4094B9AF}.Debug|x86.Build.0 = Debug|x86
		{320A21A9-3DB0-4329-AE41-EFAD4094B9AF}.Release|Any CPU.ActiveCfg = Release|x86
		{320A21A9-3DB0-4329-AE41-EFAD4094B9AF}.Release|Mixed Platforms.ActiveCfg = Release|x86
		{320A21A9-3DB0-4329-AE41-EFAD4094B9AF}.Release|x86.ActiveCfg = Release|x86
		{320A21A9-3DB0-4329-AE41-EFAD4094B9AF}.Release|x86.Build.0 = Release|x86
		{C43F18B5-01F2-4279-8440-8F7C9A94431A}.Debug|Any CPU.ActiveCfg = Debug|x86
		{C43F18B5-01F2-4279-8440-8F7C9A94431A}.Debug|Mixed Platforms.ActiveCfg = Debug|x86
		{C43F18B5-01F2-4279-8440-8F7C9A94431A}.Debug|x86.ActiveCfg = Debug|x86
		{C43F18B5-01F2-4279-8440-8F7C9A94431A}.Debug|x86.Build.0 = Debug|x86
		{C43F18B5-01F2-4279-8440-8F7C9A94431A}.Release|Any CPU.ActiveCfg = Release|x86
		{C43F18B5-01F2-4279-8440-8F7C9A94431A}.Release|Mixed Platforms.ActiveCfg = Release|x86
		{C43F18B5-01F2-4279-8440-8F7C9A94431A}.Release|x86.ActiveCfg = Release|x86
		{C43F18B5-01F2-4279-8440-8F7C9A94431A}.Release|x86.Build.0 = Release|x86
		{8328BA95-F1BF-4651-89F9-2BD2563D78A8}.Debug|Any CPU.ActiveCfg = Debug|x86
		{8328BA95-F1BF-4651-89F9-2BD2563D78A8}.Debug|Mixed Platforms.ActiveCfg = Debug|x86
		{8328BA95-F1BF-4651-89F9-2BD2563D78A8}.Debug|x86.ActiveCfg = Debug|x86
		{8328BA95-F1BF-4651-89F9-2BD2563D78A8}.Debug|x86.Build.0 = Debug|x86
		{8328BA95-F1BF-4651-89F9-2BD2563D78A8}.Release|Any CPU.ActiveCfg = Release|x86
		{8328BA95-F1BF-4651-89F9-2BD2563D78A8}.Release|Mixed Platforms.ActiveCfg = Release|x86
		{8328BA95-F1BF-4651-89F9-2BD2563D78A8}.Release|x86.ActiveCfg = Release|x86
		{8328BA95-F1BF-4651-89F9-2BD2563D78A8}.Release|x86.Build.0 = Release|x86
		{E34DB43B-BDD9-40B7-B937-78476D0C0DDF}.Debug|Any CPU.ActiveCfg = Debug|x86
		{E34DB43B-BDD9-40B7-B937-78476D0C0DDF}.Debug|Mixed Platforms.ActiveCfg = Debug|x86
		{E34DB43B-BDD9-40B7-B937-78476D0C0DDF}.Debug|x86.ActiveCfg = Debug|x86
		{E34DB43B-BDD9-40B7-B937-78476D0C0DDF}.Debug|x86.Build.0 = Debug|x86
		{E34DB43B-BDD9-40B7-B937-78476D0C0DDF}.Release|Any CPU.ActiveCfg = Release|x86
		{E34DB43B-BDD9-40B7-B937-78476D0C0DDF}.Release|Mixed Platforms.ActiveCfg = Release|x86
		{E34DB43B-BDD9-40B7-B937-78476D0C0DDF}.Release|x86.ActiveCfg = Release|x86
		{E34DB43B-BDD9-40B7-B937-78476D0C0DDF}.Release|x86.Build.0 = Release|x86
		{ED5BB456-5155-4C5B-B0C7-EA59482F2632}.Debug|Any CPU.ActiveCfg = Debug|x86
		{ED5BB456-5155-4C5B-B0C7-EA59482F2632}.Debug|Mixed Platforms.ActiveCfg = Debug|x86
		{ED5BB456-5155-4C5B-B0C7-EA59482F2632}.Debug|x86.ActiveCfg = Debug|x86
		{ED5BB456-5155-4C5B-B0C7-EA59482F2632}.Debug|x86.Build.0 = Debug|x86
		{ED5BB456-5155-4C5B-B0C7-EA59482F2632}.Release|Any CPU.ActiveCfg = Release|x86
		{ED5BB456-5155-4C5B-B0C7-EA59482F2632}.Release|Mixed Platforms.ActiveCfg = Release|x86
		{ED5BB456-5155-4C5B-B0C7-EA59482F2632}.Release|x86.ActiveCfg = Release|x86
		{ED5BB456-5155-4C5B-B0C7-EA59482F2632}.Release|x86.Build.0 = Release|x86
		{EAEA540D-33C0-43F8-96D3-3A31D8BAD34D}.Debug|Any CPU.ActiveCfg = Debug|x86
		{EAEA540D-33C0-43F8-96D3-3A31D8BAD34D}.Debug|Mixed Platforms.ActiveCfg = Debug|x86
		{EAEA540D-33C0-43F8-96D3-3A31D8BAD34D}.Debug|Mixed Platforms.Build.0 = Debug|x86
		{EAEA540D-33C0-43F8-96D3-3A31D8BAD34D}.Debug|x86.ActiveCfg = Debug|x86
		{EAEA540D-33C0-43F8-96D3-3A31D8BAD34D}.Debug|x86.Build.0 = Debug|x86
		{EAEA540D-33C0-43F8-96D3-3A31D8BAD34D}.Release|Any CPU.ActiveCfg = Release|x86
		{EAEA540D-33C0-43F8-96D3-3A31D8BAD34D}.Release|Mixed Platforms.ActiveCfg = Release|x86
		{EAEA540D-33C0-43F8-96D3-3A31D8BAD34D}.Release|Mixed Platforms.Build.0 = Release|x86
		{EAEA540D-33C0-43F8-96D3-3A31D8BAD34D}.Release|x86.ActiveCfg = Release|x86
		{EAEA540D-33C0-43F8-96D3-3A31D8BAD34D}.Release|x86.Build.0 = Release|x86
		{0C166675-3A96-4EC0-A16F-58D9E3D00B08}.Debug|Any CPU.ActiveCfg = Debug|x86
		{0C166675-3A96-4EC0-A16F-58D9E3D00B08}.Debug|Mixed Platforms.ActiveCfg = Debug|x86
		{0C166675-3A96-4EC0-A16F-58D9E3D00B08}.Debug|Mixed Platforms.Build.0 = Debug|x86
		{0C166675-3A96-4EC0-A16F-58D9E3D00B08}.Debug|x86.ActiveCfg = Debug|x86
		{0C166675-3A96-4EC0-A16F-58D9E3D00B08}.Debug|x86.Build.0 = Debug|x86
		{0C166675-3A96-4EC0-A16F-58D9E3D00B08}.Release|Any CPU.ActiveCfg = Release|x86
		{0C166675-3A96-4EC0-A16F-58D9E3D00B08}.Release|Mixed Platforms.ActiveCfg = Release|x86
		{0C166675-3A96-4EC0-A16F-58D9E3D00B08}.Release|Mixed Platforms.Build.0 = Release|x86
		{0C166675-3A96-4EC0-A16F-58D9E3D00B08}.Release|x86.ActiveCfg = Release|x86
		{0C166675-3A96-4EC0-A16F-58D9E3D00B08}.Release|x86.Build.0 = Release|x86
		{D2CC99E6-8EAE-4BA0-B854-82E81F4E0999}.Debug|Any CPU.ActiveCfg = Debug|Any CPU
		{D2CC99E6-8EAE-4BA0-B854-82E81F4E0999}.Debug|Any CPU.Build.0 = Debug|Any CPU
		{D2CC99E6-8EAE-4BA0-B854-82E81F4E0999}.Debug|Mixed Platforms.ActiveCfg = Debug|Any CPU
		{D2CC99E6-8EAE-4BA0-B854-82E81F4E0999}.Debug|Mixed Platforms.Build.0 = Debug|Any CPU
		{D2CC99E6-8EAE-4BA0-B854-82E81F4E0999}.Debug|x86.ActiveCfg = Debug|Any CPU
		{D2CC99E6-8EAE-4BA0-B854-82E81F4E0999}.Release|Any CPU.ActiveCfg = Release|Any CPU
		{D2CC99E6-8EAE-4BA0-B854-82E81F4E0999}.Release|Any CPU.Build.0 = Release|Any CPU
		{D2CC99E6-8EAE-4BA0-B854-82E81F4E0999}.Release|Mixed Platforms.ActiveCfg = Release|Any CPU
		{D2CC99E6-8EAE-4BA0-B854-82E81F4E0999}.Release|Mixed Platforms.Build.0 = Release|Any CPU
		{D2CC99E6-8EAE-4BA0-B854-82E81F4E0999}.Release|x86.ActiveCfg = Release|Any CPU
	EndGlobalSection
	GlobalSection(SolutionProperties) = preSolution
		HideSolutionNode = FALSE
	EndGlobalSection
EndGlobal
